// !$*UTF8*$!
{
	archiveVersion = 1;
	classes = {
	};
	objectVersion = 56;
	objects = {

/* Begin PBXBuildFile section */
		6791E0A729F84C2300E699D0 /* AdvancedProgrammingInSwiftFinalApp.swift in Sources */ = {isa = PBXBuildFile; fileRef = 6791E0A629F84C2300E699D0 /* AdvancedProgrammingInSwiftFinalApp.swift */; };
		6791E0A929F84C2300E699D0 /* ContentView.swift in Sources */ = {isa = PBXBuildFile; fileRef = 6791E0A829F84C2300E699D0 /* ContentView.swift */; };
		6791E0AB29F84C2400E699D0 /* Assets.xcassets in Resources */ = {isa = PBXBuildFile; fileRef = 6791E0AA29F84C2400E699D0 /* Assets.xcassets */; };
		6791E0AE29F84C2400E699D0 /* Preview Assets.xcassets in Resources */ = {isa = PBXBuildFile; fileRef = 6791E0AD29F84C2400E699D0 /* Preview Assets.xcassets */; };
		6791E0B829F84C2400E699D0 /* AdvancedProgrammingInSwiftFinalTests.swift in Sources */ = {isa = PBXBuildFile; fileRef = 6791E0B729F84C2400E699D0 /* AdvancedProgrammingInSwiftFinalTests.swift */; };
		6791E0C229F84C2400E699D0 /* AdvancedProgrammingInSwiftFinalUITests.swift in Sources */ = {isa = PBXBuildFile; fileRef = 6791E0C129F84C2400E699D0 /* AdvancedProgrammingInSwiftFinalUITests.swift */; };
		6791E0C429F84C2400E699D0 /* AdvancedProgrammingInSwiftFinalUITestsLaunchTests.swift in Sources */ = {isa = PBXBuildFile; fileRef = 6791E0C329F84C2400E699D0 /* AdvancedProgrammingInSwiftFinalUITestsLaunchTests.swift */; };
		6791E0D129F8A0FE00E699D0 /* MenuCategory.swift in Sources */ = {isa = PBXBuildFile; fileRef = 6791E0D029F8A0FE00E699D0 /* MenuCategory.swift */; };
		6791E0D329F8A2F200E699D0 /* Ingredient.swift in Sources */ = {isa = PBXBuildFile; fileRef = 6791E0D229F8A2F200E699D0 /* Ingredient.swift */; };
		6791E0D529F8A39B00E699D0 /* MenuItem.swift in Sources */ = {isa = PBXBuildFile; fileRef = 6791E0D429F8A39B00E699D0 /* MenuItem.swift */; };
		67DCBE6829F90E5500243905 /* AsyncImageLoader.swift in Sources */ = {isa = PBXBuildFile; fileRef = 67DCBE6729F90E5500243905 /* AsyncImageLoader.swift */; };
		67DCBE6A29F925EB00243905 /* MenuItemDetailsView.swift in Sources */ = {isa = PBXBuildFile; fileRef = 67DCBE6929F925EB00243905 /* MenuItemDetailsView.swift */; };
/* End PBXBuildFile section */

/* Begin PBXContainerItemProxy section */
		6791E0B429F84C2400E699D0 /* PBXContainerItemProxy */ = {
			isa = PBXContainerItemProxy;
			containerPortal = 6791E09B29F84C2300E699D0 /* Project object */;
			proxyType = 1;
			remoteGlobalIDString = 6791E0A229F84C2300E699D0;
			remoteInfo = AdvancedProgrammingInSwiftFinal;
		};
		6791E0BE29F84C2400E699D0 /* PBXContainerItemProxy */ = {
			isa = PBXContainerItemProxy;
			containerPortal = 6791E09B29F84C2300E699D0 /* Project object */;
			proxyType = 1;
			remoteGlobalIDString = 6791E0A229F84C2300E699D0;
			remoteInfo = AdvancedProgrammingInSwiftFinal;
		};
/* End PBXContainerItemProxy section */

/* Begin PBXFileReference section */
		6791E0A329F84C2300E699D0 /* AdvancedProgrammingInSwiftFinal.app */ = {isa = PBXFileReference; explicitFileType = wrapper.application; includeInIndex = 0; path = AdvancedProgrammingInSwiftFinal.app; sourceTree = BUILT_PRODUCTS_DIR; };
		6791E0A629F84C2300E699D0 /* AdvancedProgrammingInSwiftFinalApp.swift */ = {isa = PBXFileReference; lastKnownFileType = sourcecode.swift; path = AdvancedProgrammingInSwiftFinalApp.swift; sourceTree = "<group>"; };
		6791E0A829F84C2300E699D0 /* ContentView.swift */ = {isa = PBXFileReference; lastKnownFileType = sourcecode.swift; path = ContentView.swift; sourceTree = "<group>"; };
		6791E0AA29F84C2400E699D0 /* Assets.xcassets */ = {isa = PBXFileReference; lastKnownFileType = folder.assetcatalog; path = Assets.xcassets; sourceTree = "<group>"; };
		6791E0AD29F84C2400E699D0 /* Preview Assets.xcassets */ = {isa = PBXFileReference; lastKnownFileType = folder.assetcatalog; path = "Preview Assets.xcassets"; sourceTree = "<group>"; };
		6791E0B329F84C2400E699D0 /* AdvancedProgrammingInSwiftFinalTests.xctest */ = {isa = PBXFileReference; explicitFileType = wrapper.cfbundle; includeInIndex = 0; path = AdvancedProgrammingInSwiftFinalTests.xctest; sourceTree = BUILT_PRODUCTS_DIR; };
		6791E0B729F84C2400E699D0 /* AdvancedProgrammingInSwiftFinalTests.swift */ = {isa = PBXFileReference; lastKnownFileType = sourcecode.swift; path = AdvancedProgrammingInSwiftFinalTests.swift; sourceTree = "<group>"; };
		6791E0BD29F84C2400E699D0 /* AdvancedProgrammingInSwiftFinalUITests.xctest */ = {isa = PBXFileReference; explicitFileType = wrapper.cfbundle; includeInIndex = 0; path = AdvancedProgrammingInSwiftFinalUITests.xctest; sourceTree = BUILT_PRODUCTS_DIR; };
		6791E0C129F84C2400E699D0 /* AdvancedProgrammingInSwiftFinalUITests.swift */ = {isa = PBXFileReference; lastKnownFileType = sourcecode.swift; path = AdvancedProgrammingInSwiftFinalUITests.swift; sourceTree = "<group>"; };
		6791E0C329F84C2400E699D0 /* AdvancedProgrammingInSwiftFinalUITestsLaunchTests.swift */ = {isa = PBXFileReference; lastKnownFileType = sourcecode.swift; path = AdvancedProgrammingInSwiftFinalUITestsLaunchTests.swift; sourceTree = "<group>"; };
		6791E0D029F8A0FE00E699D0 /* MenuCategory.swift */ = {isa = PBXFileReference; lastKnownFileType = sourcecode.swift; path = MenuCategory.swift; sourceTree = "<group>"; };
		6791E0D229F8A2F200E699D0 /* Ingredient.swift */ = {isa = PBXFileReference; lastKnownFileType = sourcecode.swift; path = Ingredient.swift; sourceTree = "<group>"; };
		6791E0D429F8A39B00E699D0 /* MenuItem.swift */ = {isa = PBXFileReference; lastKnownFileType = sourcecode.swift; path = MenuItem.swift; sourceTree = "<group>"; };
		67DCBE6729F90E5500243905 /* AsyncImageLoader.swift */ = {isa = PBXFileReference; lastKnownFileType = sourcecode.swift; path = AsyncImageLoader.swift; sourceTree = "<group>"; };
		67DCBE6929F925EB00243905 /* MenuItemDetailsView.swift */ = {isa = PBXFileReference; lastKnownFileType = sourcecode.swift; path = MenuItemDetailsView.swift; sourceTree = "<group>"; };
/* End PBXFileReference section */

/* Begin PBXFrameworksBuildPhase section */
		6791E0A029F84C2300E699D0 /* Frameworks */ = {
			isa = PBXFrameworksBuildPhase;
			buildActionMask = 2147483647;
			files = (
			);
			runOnlyForDeploymentPostprocessing = 0;
		};
		6791E0B029F84C2400E699D0 /* Frameworks */ = {
			isa = PBXFrameworksBuildPhase;
			buildActionMask = 2147483647;
			files = (
			);
			runOnlyForDeploymentPostprocessing = 0;
		};
		6791E0BA29F84C2400E699D0 /* Frameworks */ = {
			isa = PBXFrameworksBuildPhase;
			buildActionMask = 2147483647;
			files = (
			);
			runOnlyForDeploymentPostprocessing = 0;
		};
/* End PBXFrameworksBuildPhase section */

/* Begin PBXGroup section */
		6791E09A29F84C2300E699D0 = {
			isa = PBXGroup;
			children = (
				6791E0A529F84C2300E699D0 /* AdvancedProgrammingInSwiftFinal */,
				6791E0B629F84C2400E699D0 /* AdvancedProgrammingInSwiftFinalTests */,
				6791E0C029F84C2400E699D0 /* AdvancedProgrammingInSwiftFinalUITests */,
				6791E0A429F84C2300E699D0 /* Products */,
			);
			sourceTree = "<group>";
		};
		6791E0A429F84C2300E699D0 /* Products */ = {
			isa = PBXGroup;
			children = (
				6791E0A329F84C2300E699D0 /* AdvancedProgrammingInSwiftFinal.app */,
				6791E0B329F84C2400E699D0 /* AdvancedProgrammingInSwiftFinalTests.xctest */,
				6791E0BD29F84C2400E699D0 /* AdvancedProgrammingInSwiftFinalUITests.xctest */,
			);
			name = Products;
			sourceTree = "<group>";
		};
		6791E0A529F84C2300E699D0 /* AdvancedProgrammingInSwiftFinal */ = {
			isa = PBXGroup;
			children = (
				6791E0A629F84C2300E699D0 /* AdvancedProgrammingInSwiftFinalApp.swift */,
				6791E0A829F84C2300E699D0 /* ContentView.swift */,
				6791E0D029F8A0FE00E699D0 /* MenuCategory.swift */,
				67DCBE6729F90E5500243905 /* AsyncImageLoader.swift */,
				67DCBE6929F925EB00243905 /* MenuItemDetailsView.swift */,
				6791E0D429F8A39B00E699D0 /* MenuItem.swift */,
				6791E0D229F8A2F200E699D0 /* Ingredient.swift */,
				6791E0AA29F84C2400E699D0 /* Assets.xcassets */,
				6791E0AC29F84C2400E699D0 /* Preview Content */,
			);
			path = AdvancedProgrammingInSwiftFinal;
			sourceTree = "<group>";
		};
		6791E0AC29F84C2400E699D0 /* Preview Content */ = {
			isa = PBXGroup;
			children = (
				6791E0AD29F84C2400E699D0 /* Preview Assets.xcassets */,
			);
			path = "Preview Content";
			sourceTree = "<group>";
		};
		6791E0B629F84C2400E699D0 /* AdvancedProgrammingInSwiftFinalTests */ = {
			isa = PBXGroup;
			children = (
				6791E0B729F84C2400E699D0 /* AdvancedProgrammingInSwiftFinalTests.swift */,
			);
			path = AdvancedProgrammingInSwiftFinalTests;
			sourceTree = "<group>";
		};
		6791E0C029F84C2400E699D0 /* AdvancedProgrammingInSwiftFinalUITests */ = {
			isa = PBXGroup;
			children = (
				6791E0C129F84C2400E699D0 /* AdvancedProgrammingInSwiftFinalUITests.swift */,
				6791E0C329F84C2400E699D0 /* AdvancedProgrammingInSwiftFinalUITestsLaunchTests.swift */,
			);
			path = AdvancedProgrammingInSwiftFinalUITests;
			sourceTree = "<group>";
		};
/* End PBXGroup section */

/* Begin PBXNativeTarget section */
		6791E0A229F84C2300E699D0 /* AdvancedProgrammingInSwiftFinal */ = {
			isa = PBXNativeTarget;
			buildConfigurationList = 6791E0C729F84C2400E699D0 /* Build configuration list for PBXNativeTarget "AdvancedProgrammingInSwiftFinal" */;
			buildPhases = (
				6791E09F29F84C2300E699D0 /* Sources */,
				6791E0A029F84C2300E699D0 /* Frameworks */,
				6791E0A129F84C2300E699D0 /* Resources */,
			);
			buildRules = (
			);
			dependencies = (
			);
			name = AdvancedProgrammingInSwiftFinal;
			productName = AdvancedProgrammingInSwiftFinal;
			productReference = 6791E0A329F84C2300E699D0 /* AdvancedProgrammingInSwiftFinal.app */;
			productType = "com.apple.product-type.application";
		};
		6791E0B229F84C2400E699D0 /* AdvancedProgrammingInSwiftFinalTests */ = {
			isa = PBXNativeTarget;
			buildConfigurationList = 6791E0CA29F84C2400E699D0 /* Build configuration list for PBXNativeTarget "AdvancedProgrammingInSwiftFinalTests" */;
			buildPhases = (
				6791E0AF29F84C2400E699D0 /* Sources */,
				6791E0B029F84C2400E699D0 /* Frameworks */,
				6791E0B129F84C2400E699D0 /* Resources */,
			);
			buildRules = (
			);
			dependencies = (
				6791E0B529F84C2400E699D0 /* PBXTargetDependency */,
			);
			name = AdvancedProgrammingInSwiftFinalTests;
			productName = AdvancedProgrammingInSwiftFinalTests;
			productReference = 6791E0B329F84C2400E699D0 /* AdvancedProgrammingInSwiftFinalTests.xctest */;
			productType = "com.apple.product-type.bundle.unit-test";
		};
		6791E0BC29F84C2400E699D0 /* AdvancedProgrammingInSwiftFinalUITests */ = {
			isa = PBXNativeTarget;
			buildConfigurationList = 6791E0CD29F84C2400E699D0 /* Build configuration list for PBXNativeTarget "AdvancedProgrammingInSwiftFinalUITests" */;
			buildPhases = (
				6791E0B929F84C2400E699D0 /* Sources */,
				6791E0BA29F84C2400E699D0 /* Frameworks */,
				6791E0BB29F84C2400E699D0 /* Resources */,
			);
			buildRules = (
			);
			dependencies = (
				6791E0BF29F84C2400E699D0 /* PBXTargetDependency */,
			);
			name = AdvancedProgrammingInSwiftFinalUITests;
			productName = AdvancedProgrammingInSwiftFinalUITests;
			productReference = 6791E0BD29F84C2400E699D0 /* AdvancedProgrammingInSwiftFinalUITests.xctest */;
			productType = "com.apple.product-type.bundle.ui-testing";
		};
/* End PBXNativeTarget section */

/* Begin PBXProject section */
		6791E09B29F84C2300E699D0 /* Project object */ = {
			isa = PBXProject;
			attributes = {
				BuildIndependentTargetsInParallel = 1;
				LastSwiftUpdateCheck = 1430;
				LastUpgradeCheck = 1430;
				TargetAttributes = {
					6791E0A229F84C2300E699D0 = {
						CreatedOnToolsVersion = 14.3;
					};
					6791E0B229F84C2400E699D0 = {
						CreatedOnToolsVersion = 14.3;
						TestTargetID = 6791E0A229F84C2300E699D0;
					};
					6791E0BC29F84C2400E699D0 = {
						CreatedOnToolsVersion = 14.3;
						TestTargetID = 6791E0A229F84C2300E699D0;
					};
				};
			};
			buildConfigurationList = 6791E09E29F84C2300E699D0 /* Build configuration list for PBXProject "AdvancedProgrammingInSwiftFinal" */;
			compatibilityVersion = "Xcode 14.0";
			developmentRegion = en;
			hasScannedForEncodings = 0;
			knownRegions = (
				en,
				Base,
			);
			mainGroup = 6791E09A29F84C2300E699D0;
			productRefGroup = 6791E0A429F84C2300E699D0 /* Products */;
			projectDirPath = "";
			projectRoot = "";
			targets = (
				6791E0A229F84C2300E699D0 /* AdvancedProgrammingInSwiftFinal */,
				6791E0B229F84C2400E699D0 /* AdvancedProgrammingInSwiftFinalTests */,
				6791E0BC29F84C2400E699D0 /* AdvancedProgrammingInSwiftFinalUITests */,
			);
		};
/* End PBXProject section */

/* Begin PBXResourcesBuildPhase section */
		6791E0A129F84C2300E699D0 /* Resources */ = {
			isa = PBXResourcesBuildPhase;
			buildActionMask = 2147483647;
			files = (
				6791E0AE29F84C2400E699D0 /* Preview Assets.xcassets in Resources */,
				6791E0AB29F84C2400E699D0 /* Assets.xcassets in Resources */,
			);
			runOnlyForDeploymentPostprocessing = 0;
		};
		6791E0B129F84C2400E699D0 /* Resources */ = {
			isa = PBXResourcesBuildPhase;
			buildActionMask = 2147483647;
			files = (
			);
			runOnlyForDeploymentPostprocessing = 0;
		};
		6791E0BB29F84C2400E699D0 /* Resources */ = {
			isa = PBXResourcesBuildPhase;
			buildActionMask = 2147483647;
			files = (
			);
			runOnlyForDeploymentPostprocessing = 0;
		};
/* End PBXResourcesBuildPhase section */

/* Begin PBXSourcesBuildPhase section */
		6791E09F29F84C2300E699D0 /* Sources */ = {
			isa = PBXSourcesBuildPhase;
			buildActionMask = 2147483647;
			files = (
				6791E0D329F8A2F200E699D0 /* Ingredient.swift in Sources */,
				6791E0A929F84C2300E699D0 /* ContentView.swift in Sources */,
				6791E0D129F8A0FE00E699D0 /* MenuCategory.swift in Sources */,
				67DCBE6829F90E5500243905 /* AsyncImageLoader.swift in Sources */,
				6791E0A729F84C2300E699D0 /* AdvancedProgrammingInSwiftFinalApp.swift in Sources */,
				6791E0D529F8A39B00E699D0 /* MenuItem.swift in Sources */,
				67DCBE6A29F925EB00243905 /* MenuItemDetailsView.swift in Sources */,
			);
			runOnlyForDeploymentPostprocessing = 0;
		};
		6791E0AF29F84C2400E699D0 /* Sources */ = {
			isa = PBXSourcesBuildPhase;
			buildActionMask = 2147483647;
			files = (
				6791E0B829F84C2400E699D0 /* AdvancedProgrammingInSwiftFinalTests.swift in Sources */,
			);
			runOnlyForDeploymentPostprocessing = 0;
		};
		6791E0B929F84C2400E699D0 /* Sources */ = {
			isa = PBXSourcesBuildPhase;
			buildActionMask = 2147483647;
			files = (
				6791E0C429F84C2400E699D0 /* AdvancedProgrammingInSwiftFinalUITestsLaunchTests.swift in Sources */,
				6791E0C229F84C2400E699D0 /* AdvancedProgrammingInSwiftFinalUITests.swift in Sources */,
			);
			runOnlyForDeploymentPostprocessing = 0;
		};
/* End PBXSourcesBuildPhase section */

/* Begin PBXTargetDependency section */
		6791E0B529F84C2400E699D0 /* PBXTargetDependency */ = {
			isa = PBXTargetDependency;
			target = 6791E0A229F84C2300E699D0 /* AdvancedProgrammingInSwiftFinal */;
			targetProxy = 6791E0B429F84C2400E699D0 /* PBXContainerItemProxy */;
		};
		6791E0BF29F84C2400E699D0 /* PBXTargetDependency */ = {
			isa = PBXTargetDependency;
			target = 6791E0A229F84C2300E699D0 /* AdvancedProgrammingInSwiftFinal */;
			targetProxy = 6791E0BE29F84C2400E699D0 /* PBXContainerItemProxy */;
		};
/* End PBXTargetDependency section */

/* Begin XCBuildConfiguration section */
		6791E0C529F84C2400E699D0 /* Debug */ = {
			isa = XCBuildConfiguration;
			buildSettings = {
				ALWAYS_SEARCH_USER_PATHS = NO;
				CLANG_ANALYZER_NONNULL = YES;
				CLANG_ANALYZER_NUMBER_OBJECT_CONVERSION = YES_AGGRESSIVE;
				CLANG_CXX_LANGUAGE_STANDARD = "gnu++20";
				CLANG_ENABLE_MODULES = YES;
				CLANG_ENABLE_OBJC_ARC = YES;
				CLANG_ENABLE_OBJC_WEAK = YES;
				CLANG_WARN_BLOCK_CAPTURE_AUTORELEASING = YES;
				CLANG_WARN_BOOL_CONVERSION = YES;
				CLANG_WARN_COMMA = YES;
				CLANG_WARN_CONSTANT_CONVERSION = YES;
				CLANG_WARN_DEPRECATED_OBJC_IMPLEMENTATIONS = YES;
				CLANG_WARN_DIRECT_OBJC_ISA_USAGE = YES_ERROR;
				CLANG_WARN_DOCUMENTATION_COMMENTS = YES;
				CLANG_WARN_EMPTY_BODY = YES;
				CLANG_WARN_ENUM_CONVERSION = YES;
				CLANG_WARN_INFINITE_RECURSION = YES;
				CLANG_WARN_INT_CONVERSION = YES;
				CLANG_WARN_NON_LITERAL_NULL_CONVERSION = YES;
				CLANG_WARN_OBJC_IMPLICIT_RETAIN_SELF = YES;
				CLANG_WARN_OBJC_LITERAL_CONVERSION = YES;
				CLANG_WARN_OBJC_ROOT_CLASS = YES_ERROR;
				CLANG_WARN_QUOTED_INCLUDE_IN_FRAMEWORK_HEADER = YES;
				CLANG_WARN_RANGE_LOOP_ANALYSIS = YES;
				CLANG_WARN_STRICT_PROTOTYPES = YES;
				CLANG_WARN_SUSPICIOUS_MOVE = YES;
				CLANG_WARN_UNGUARDED_AVAILABILITY = YES_AGGRESSIVE;
				CLANG_WARN_UNREACHABLE_CODE = YES;
				CLANG_WARN__DUPLICATE_METHOD_MATCH = YES;
				COPY_PHASE_STRIP = NO;
				DEBUG_INFORMATION_FORMAT = dwarf;
				ENABLE_STRICT_OBJC_MSGSEND = YES;
				ENABLE_TESTABILITY = YES;
				GCC_C_LANGUAGE_STANDARD = gnu11;
				GCC_DYNAMIC_NO_PIC = NO;
				GCC_NO_COMMON_BLOCKS = YES;
				GCC_OPTIMIZATION_LEVEL = 0;
				GCC_PREPROCESSOR_DEFINITIONS = (
					"DEBUG=1",
					"$(inherited)",
				);
				GCC_WARN_64_TO_32_BIT_CONVERSION = YES;
				GCC_WARN_ABOUT_RETURN_TYPE = YES_ERROR;
				GCC_WARN_UNDECLARED_SELECTOR = YES;
				GCC_WARN_UNINITIALIZED_AUTOS = YES_AGGRESSIVE;
				GCC_WARN_UNUSED_FUNCTION = YES;
				GCC_WARN_UNUSED_VARIABLE = YES;
				IPHONEOS_DEPLOYMENT_TARGET = 16.4;
				MTL_ENABLE_DEBUG_INFO = INCLUDE_SOURCE;
				MTL_FAST_MATH = YES;
				ONLY_ACTIVE_ARCH = YES;
				SDKROOT = iphoneos;
				SWIFT_ACTIVE_COMPILATION_CONDITIONS = DEBUG;
				SWIFT_OPTIMIZATION_LEVEL = "-Onone";
			};
			name = Debug;
		};
		6791E0C629F84C2400E699D0 /* Release */ = {
			isa = XCBuildConfiguration;
			buildSettings = {
				ALWAYS_SEARCH_USER_PATHS = NO;
				CLANG_ANALYZER_NONNULL = YES;
				CLANG_ANALYZER_NUMBER_OBJECT_CONVERSION = YES_AGGRESSIVE;
				CLANG_CXX_LANGUAGE_STANDARD = "gnu++20";
				CLANG_ENABLE_MODULES = YES;
				CLANG_ENABLE_OBJC_ARC = YES;
				CLANG_ENABLE_OBJC_WEAK = YES;
				CLANG_WARN_BLOCK_CAPTURE_AUTORELEASING = YES;
				CLANG_WARN_BOOL_CONVERSION = YES;
				CLANG_WARN_COMMA = YES;
				CLANG_WARN_CONSTANT_CONVERSION = YES;
				CLANG_WARN_DEPRECATED_OBJC_IMPLEMENTATIONS = YES;
				CLANG_WARN_DIRECT_OBJC_ISA_USAGE = YES_ERROR;
				CLANG_WARN_DOCUMENTATION_COMMENTS = YES;
				CLANG_WARN_EMPTY_BODY = YES;
				CLANG_WARN_ENUM_CONVERSION = YES;
				CLANG_WARN_INFINITE_RECURSION = YES;
				CLANG_WARN_INT_CONVERSION = YES;
				CLANG_WARN_NON_LITERAL_NULL_CONVERSION = YES;
				CLANG_WARN_OBJC_IMPLICIT_RETAIN_SELF = YES;
				CLANG_WARN_OBJC_LITERAL_CONVERSION = YES;
				CLANG_WARN_OBJC_ROOT_CLASS = YES_ERROR;
				CLANG_WARN_QUOTED_INCLUDE_IN_FRAMEWORK_HEADER = YES;
				CLANG_WARN_RANGE_LOOP_ANALYSIS = YES;
				CLANG_WARN_STRICT_PROTOTYPES = YES;
				CLANG_WARN_SUSPICIOUS_MOVE = YES;
				CLANG_WARN_UNGUARDED_AVAILABILITY = YES_AGGRESSIVE;
				CLANG_WARN_UNREACHABLE_CODE = YES;
				CLANG_WARN__DUPLICATE_METHOD_MATCH = YES;
				COPY_PHASE_STRIP = NO;
				DEBUG_INFORMATION_FORMAT = "dwarf-with-dsym";
				ENABLE_NS_ASSERTIONS = NO;
				ENABLE_STRICT_OBJC_MSGSEND = YES;
				GCC_C_LANGUAGE_STANDARD = gnu11;
				GCC_NO_COMMON_BLOCKS = YES;
				GCC_WARN_64_TO_32_BIT_CONVERSION = YES;
				GCC_WARN_ABOUT_RETURN_TYPE = YES_ERROR;
				GCC_WARN_UNDECLARED_SELECTOR = YES;
				GCC_WARN_UNINITIALIZED_AUTOS = YES_AGGRESSIVE;
				GCC_WARN_UNUSED_FUNCTION = YES;
				GCC_WARN_UNUSED_VARIABLE = YES;
				IPHONEOS_DEPLOYMENT_TARGET = 16.4;
				MTL_ENABLE_DEBUG_INFO = NO;
				MTL_FAST_MATH = YES;
				SDKROOT = iphoneos;
				SWIFT_COMPILATION_MODE = wholemodule;
				SWIFT_OPTIMIZATION_LEVEL = "-O";
				VALIDATE_PRODUCT = YES;
			};
			name = Release;
		};
		6791E0C829F84C2400E699D0 /* Debug */ = {
			isa = XCBuildConfiguration;
			buildSettings = {
				ASSETCATALOG_COMPILER_APPICON_NAME = AppIcon;
				ASSETCATALOG_COMPILER_GLOBAL_ACCENT_COLOR_NAME = AccentColor;
				CODE_SIGN_STYLE = Automatic;
				CURRENT_PROJECT_VERSION = 1;
				DEVELOPMENT_ASSET_PATHS = "\"AdvancedProgrammingInSwiftFinal/Preview Content\"";
				ENABLE_PREVIEWS = YES;
				GENERATE_INFOPLIST_FILE = YES;
				INFOPLIST_KEY_UIApplicationSceneManifest_Generation = YES;
				INFOPLIST_KEY_UIApplicationSupportsIndirectInputEvents = YES;
				INFOPLIST_KEY_UILaunchScreen_Generation = YES;
				INFOPLIST_KEY_UISupportedInterfaceOrientations_iPad = "UIInterfaceOrientationPortrait UIInterfaceOrientationPortraitUpsideDown UIInterfaceOrientationLandscapeLeft UIInterfaceOrientationLandscapeRight";
				INFOPLIST_KEY_UISupportedInterfaceOrientations_iPhone = "UIInterfaceOrientationPortrait UIInterfaceOrientationLandscapeLeft UIInterfaceOrientationLandscapeRight";
				LD_RUNPATH_SEARCH_PATHS = (
					"$(inherited)",
					"@executable_path/Frameworks",
				);
				MARKETING_VERSION = 1.0;
				PRODUCT_BUNDLE_IDENTIFIER = com.advanceprogramminginswiftFinal.AdvancedProgrammingInSwiftFinal;
				PRODUCT_NAME = "$(TARGET_NAME)";
				SWIFT_EMIT_LOC_STRINGS = YES;
				SWIFT_VERSION = 5.0;
				TARGETED_DEVICE_FAMILY = "1,2";
			};
			name = Debug;
		};
		6791E0C929F84C2400E699D0 /* Release */ = {
			isa = XCBuildConfiguration;
			buildSettings = {
				ASSETCATALOG_COMPILER_APPICON_NAME = AppIcon;
				ASSETCATALOG_COMPILER_GLOBAL_ACCENT_COLOR_NAME = AccentColor;
				CODE_SIGN_STYLE = Automatic;
				CURRENT_PROJECT_VERSION = 1;
				DEVELOPMENT_ASSET_PATHS = "\"AdvancedProgrammingInSwiftFinal/Preview Content\"";
				ENABLE_PREVIEWS = YES;
				GENERATE_INFOPLIST_FILE = YES;
				INFOPLIST_KEY_UIApplicationSceneManifest_Generation = YES;
				INFOPLIST_KEY_UIApplicationSupportsIndirectInputEvents = YES;
				INFOPLIST_KEY_UILaunchScreen_Generation = YES;
				INFOPLIST_KEY_UISupportedInterfaceOrientations_iPad = "UIInterfaceOrientationPortrait UIInterfaceOrientationPortraitUpsideDown UIInterfaceOrientationLandscapeLeft UIInterfaceOrientationLandscapeRight";
				INFOPLIST_KEY_UISupportedInterfaceOrientations_iPhone = "UIInterfaceOrientationPortrait UIInterfaceOrientationLandscapeLeft UIInterfaceOrientationLandscapeRight";
				LD_RUNPATH_SEARCH_PATHS = (
					"$(inherited)",
					"@executable_path/Frameworks",
				);
				MARKETING_VERSION = 1.0;
				PRODUCT_BUNDLE_IDENTIFIER = com.advanceprogramminginswiftFinal.AdvancedProgrammingInSwiftFinal;
				PRODUCT_NAME = "$(TARGET_NAME)";
				SWIFT_EMIT_LOC_STRINGS = YES;
				SWIFT_VERSION = 5.0;
				TARGETED_DEVICE_FAMILY = "1,2";
			};
			name = Release;
		};
		6791E0CB29F84C2400E699D0 /* Debug */ = {
			isa = XCBuildConfiguration;
			buildSettings = {
				ALWAYS_EMBED_SWIFT_STANDARD_LIBRARIES = YES;
				BUNDLE_LOADER = "$(TEST_HOST)";
				CODE_SIGN_STYLE = Automatic;
				CURRENT_PROJECT_VERSION = 1;
				GENERATE_INFOPLIST_FILE = YES;
				IPHONEOS_DEPLOYMENT_TARGET = 16.4;
				MARKETING_VERSION = 1.0;
				PRODUCT_BUNDLE_IDENTIFIER = com.advanceprogramminginswiftFinal.AdvancedProgrammingInSwiftFinalTests;
				PRODUCT_NAME = "$(TARGET_NAME)";
				SWIFT_EMIT_LOC_STRINGS = NO;
				SWIFT_VERSION = 5.0;
				TARGETED_DEVICE_FAMILY = "1,2";
				TEST_HOST = "$(BUILT_PRODUCTS_DIR)/AdvancedProgrammingInSwiftFinal.app/$(BUNDLE_EXECUTABLE_FOLDER_PATH)/AdvancedProgrammingInSwiftFinal";
			};
			name = Debug;
		};
		6791E0CC29F84C2400E699D0 /* Release */ = {
			isa = XCBuildConfiguration;
			buildSettings = {
				ALWAYS_EMBED_SWIFT_STANDARD_LIBRARIES = YES;
				BUNDLE_LOADER = "$(TEST_HOST)";
				CODE_SIGN_STYLE = Automatic;
				CURRENT_PROJECT_VERSION = 1;
				GENERATE_INFOPLIST_FILE = YES;
				IPHONEOS_DEPLOYMENT_TARGET = 16.4;
				MARKETING_VERSION = 1.0;
				PRODUCT_BUNDLE_IDENTIFIER = com.advanceprogramminginswiftFinal.AdvancedProgrammingInSwiftFinalTests;
				PRODUCT_NAME = "$(TARGET_NAME)";
				SWIFT_EMIT_LOC_STRINGS = NO;
				SWIFT_VERSION = 5.0;
				TARGETED_DEVICE_FAMILY = "1,2";
				TEST_HOST = "$(BUILT_PRODUCTS_DIR)/AdvancedProgrammingInSwiftFinal.app/$(BUNDLE_EXECUTABLE_FOLDER_PATH)/AdvancedProgrammingInSwiftFinal";
			};
			name = Release;
		};
		6791E0CE29F84C2400E699D0 /* Debug */ = {
			isa = XCBuildConfiguration;
			buildSettings = {
				ALWAYS_EMBED_SWIFT_STANDARD_LIBRARIES = YES;
				CODE_SIGN_STYLE = Automatic;
				CURRENT_PROJECT_VERSION = 1;
				GENERATE_INFOPLIST_FILE = YES;
				MARKETING_VERSION = 1.0;
				PRODUCT_BUNDLE_IDENTIFIER = com.advanceprogramminginswiftFinal.AdvancedProgrammingInSwiftFinalUITests;
				PRODUCT_NAME = "$(TARGET_NAME)";
				SWIFT_EMIT_LOC_STRINGS = NO;
				SWIFT_VERSION = 5.0;
				TARGETED_DEVICE_FAMILY = "1,2";
				TEST_TARGET_NAME = AdvancedProgrammingInSwiftFinal;
			};
			name = Debug;
		};
		6791E0CF29F84C2400E699D0 /* Release */ = {
			isa = XCBuildConfiguration;
			buildSettings = {
				ALWAYS_EMBED_SWIFT_STANDARD_LIBRARIES = YES;
				CODE_SIGN_STYLE = Automatic;
				CURRENT_PROJECT_VERSION = 1;
				GENERATE_INFOPLIST_FILE = YES;
				MARKETING_VERSION = 1.0;
				PRODUCT_BUNDLE_IDENTIFIER = com.advanceprogramminginswiftFinal.AdvancedProgrammingInSwiftFinalUITests;
				PRODUCT_NAME = "$(TARGET_NAME)";
				SWIFT_EMIT_LOC_STRINGS = NO;
				SWIFT_VERSION = 5.0;
				TARGETED_DEVICE_FAMILY = "1,2";
				TEST_TARGET_NAME = AdvancedProgrammingInSwiftFinal;
			};
			name = Release;
		};
/* End XCBuildConfiguration section */

/* Begin XCConfigurationList section */
		6791E09E29F84C2300E699D0 /* Build configuration list for PBXProject "AdvancedProgrammingInSwiftFinal" */ = {
			isa = XCConfigurationList;
			buildConfigurations = (
				6791E0C529F84C2400E699D0 /* Debug */,
				6791E0C629F84C2400E699D0 /* Release */,
			);
			defaultConfigurationIsVisible = 0;
			defaultConfigurationName = Release;
		};
		6791E0C729F84C2400E699D0 /* Build configuration list for PBXNativeTarget "AdvancedProgrammingInSwiftFinal" */ = {
			isa = XCConfigurationList;
			buildConfigurations = (
				6791E0C829F84C2400E699D0 /* Debug */,
				6791E0C929F84C2400E699D0 /* Release */,
			);
			defaultConfigurationIsVisible = 0;
			defaultConfigurationName = Release;
		};
		6791E0CA29F84C2400E699D0 /* Build configuration list for PBXNativeTarget "AdvancedProgrammingInSwiftFinalTests" */ = {
			isa = XCConfigurationList;
			buildConfigurations = (
				6791E0CB29F84C2400E699D0 /* Debug */,
				6791E0CC29F84C2400E699D0 /* Release */,
			);
			defaultConfigurationIsVisible = 0;
			defaultConfigurationName = Release;
		};
		6791E0CD29F84C2400E699D0 /* Build configuration list for PBXNativeTarget "AdvancedProgrammingInSwiftFinalUITests" */ = {
			isa = XCConfigurationList;
			buildConfigurations = (
				6791E0CE29F84C2400E699D0 /* Debug */,
				6791E0CF29F84C2400E699D0 /* Release */,
			);
			defaultConfigurationIsVisible = 0;
			defaultConfigurationName = Release;
		};
/* End XCConfigurationList section */
	};
	rootObject = 6791E09B29F84C2300E699D0 /* Project object */;
}
